
Microsoft Visual Studio Solution File, Format Version 12.00
# Visual Studio Version 17
VisualStudioVersion = 17.7.33808.371
MinimumVisualStudioVersion = 10.0.40219.1
Project("{FAE04EC0-301F-11D3-BF4B-00C04F79EFBC}") = "Git Test", "Git Test\Git Test.csproj", "{1971FBD1-1F90-4AB1-8A38-8576C8FFC707}"
EndProject
Global
	GlobalSection(SolutionConfigurationPlatforms) = preSolution
		Debug|Any CPU = Debug|Any CPU
		Release|Any CPU = Release|Any CPU
	EndGlobalSection
	GlobalSection(ProjectConfigurationPlatforms) = postSolution
		{1971FBD1-1F90-4AB1-8A38-8576C8FFC707}.Debug|Any CPU.ActiveCfg = Debug|Any CPU
		{1971FBD1-1F90-4AB1-8A38-8576C8FFC707}.Debug|Any CPU.Build.0 = Debug|Any CPU
		{1971FBD1-1F90-4AB1-8A38-8576C8FFC707}.Release|Any CPU.ActiveCfg = Release|Any CPU
		{1971FBD1-1F90-4AB1-8A38-8576C8FFC707}.Release|Any CPU.Build.0 = Release|Any CPU
	EndGlobalSection
	GlobalSection(SolutionProperties) = preSolution
		HideSolutionNode = FALSE
	EndGlobalSection
	GlobalSection(ExtensibilityGlobals) = postSolution
		SolutionGuid = {81290CC9-41E9-4EA3-B959-F048CFD68AEC}
	EndGlobalSection
EndGlobal
